// !$*UTF8*$!
{
	archiveVersion = 1;
	classes = {
	};
	objectVersion = 56;
	objects = {

/* Begin PBXBuildFile section */
		170BEDC92A7A5ADB009EF168 /* AppDelegate.swift in Sources */ = {isa = PBXBuildFile; fileRef = 170BEDC82A7A5ADB009EF168 /* AppDelegate.swift */; };
		170BEDCB2A7A5B16009EF168 /* AboutView.swift in Sources */ = {isa = PBXBuildFile; fileRef = 170BEDCA2A7A5B16009EF168 /* AboutView.swift */; };
		170BEDCD2A7A8102009EF168 /* Credits.rtf in Resources */ = {isa = PBXBuildFile; fileRef = 170BEDCC2A7A8102009EF168 /* Credits.rtf */; };
		170BEDCF2A7A82AD009EF168 /* FileUnzipper.swift in Sources */ = {isa = PBXBuildFile; fileRef = 170BEDCE2A7A82AD009EF168 /* FileUnzipper.swift */; };
		170BEDD12A7A82DC009EF168 /* FilePicker.swift in Sources */ = {isa = PBXBuildFile; fileRef = 170BEDD02A7A82DC009EF168 /* FilePicker.swift */; };
		170BEDD32A7A8F80009EF168 /* Message.swift in Sources */ = {isa = PBXBuildFile; fileRef = 170BEDD22A7A8F80009EF168 /* Message.swift */; };
		177CDB442A7793920051727D /* GDrive_UnzipperApp.swift in Sources */ = {isa = PBXBuildFile; fileRef = 177CDB432A7793920051727D /* GDrive_UnzipperApp.swift */; };
		177CDB462A7793920051727D /* ContentView.swift in Sources */ = {isa = PBXBuildFile; fileRef = 177CDB452A7793920051727D /* ContentView.swift */; };
		177CDB482A7793930051727D /* Assets.xcassets in Resources */ = {isa = PBXBuildFile; fileRef = 177CDB472A7793930051727D /* Assets.xcassets */; };
		177CDB4B2A7793930051727D /* Preview Assets.xcassets in Resources */ = {isa = PBXBuildFile; fileRef = 177CDB4A2A7793930051727D /* Preview Assets.xcassets */; };
		177CDB542A77FE6E0051727D /* ZIPFoundation in Frameworks */ = {isa = PBXBuildFile; productRef = 177CDB532A77FE6E0051727D /* ZIPFoundation */; };
		17878C462A796278001624E0 /* Sparkle in Frameworks */ = {isa = PBXBuildFile; productRef = 17878C452A796278001624E0 /* Sparkle */; };
		17878C482A7962D2001624E0 /* CheckForUpdates.swift in Sources */ = {isa = PBXBuildFile; fileRef = 17878C472A7962D2001624E0 /* CheckForUpdates.swift */; };
/* End PBXBuildFile section */

/* Begin PBXFileReference section */
		170BEDC82A7A5ADB009EF168 /* AppDelegate.swift */ = {isa = PBXFileReference; lastKnownFileType = sourcecode.swift; path = AppDelegate.swift; sourceTree = "<group>"; };
		170BEDCA2A7A5B16009EF168 /* AboutView.swift */ = {isa = PBXFileReference; lastKnownFileType = sourcecode.swift; path = AboutView.swift; sourceTree = "<group>"; };
		170BEDCC2A7A8102009EF168 /* Credits.rtf */ = {isa = PBXFileReference; fileEncoding = 4; lastKnownFileType = text.rtf; path = Credits.rtf; sourceTree = "<group>"; };
		170BEDCE2A7A82AD009EF168 /* FileUnzipper.swift */ = {isa = PBXFileReference; lastKnownFileType = sourcecode.swift; path = FileUnzipper.swift; sourceTree = "<group>"; };
		170BEDD02A7A82DC009EF168 /* FilePicker.swift */ = {isa = PBXFileReference; lastKnownFileType = sourcecode.swift; path = FilePicker.swift; sourceTree = "<group>"; };
		170BEDD22A7A8F80009EF168 /* Message.swift */ = {isa = PBXFileReference; lastKnownFileType = sourcecode.swift; path = Message.swift; sourceTree = "<group>"; };
		177CDB402A7793920051727D /* GDrive Unzipper.app */ = {isa = PBXFileReference; explicitFileType = wrapper.application; includeInIndex = 0; path = "GDrive Unzipper.app"; sourceTree = BUILT_PRODUCTS_DIR; };
		177CDB432A7793920051727D /* GDrive_UnzipperApp.swift */ = {isa = PBXFileReference; lastKnownFileType = sourcecode.swift; path = GDrive_UnzipperApp.swift; sourceTree = "<group>"; };
		177CDB452A7793920051727D /* ContentView.swift */ = {isa = PBXFileReference; lastKnownFileType = sourcecode.swift; path = ContentView.swift; sourceTree = "<group>"; };
		177CDB472A7793930051727D /* Assets.xcassets */ = {isa = PBXFileReference; lastKnownFileType = folder.assetcatalog; path = Assets.xcassets; sourceTree = "<group>"; };
		177CDB4A2A7793930051727D /* Preview Assets.xcassets */ = {isa = PBXFileReference; lastKnownFileType = folder.assetcatalog; path = "Preview Assets.xcassets"; sourceTree = "<group>"; };
		177CDB4C2A7793930051727D /* GDrive_Unzipper.entitlements */ = {isa = PBXFileReference; lastKnownFileType = text.plist.entitlements; path = GDrive_Unzipper.entitlements; sourceTree = "<group>"; };
		17878C472A7962D2001624E0 /* CheckForUpdates.swift */ = {isa = PBXFileReference; lastKnownFileType = sourcecode.swift; path = CheckForUpdates.swift; sourceTree = "<group>"; };
		17878C492A7967A8001624E0 /* GDrive-Unzipper-Info.plist */ = {isa = PBXFileReference; lastKnownFileType = text.plist; path = "GDrive-Unzipper-Info.plist"; sourceTree = SOURCE_ROOT; };
/* End PBXFileReference section */

/* Begin PBXFrameworksBuildPhase section */
		177CDB3D2A7793920051727D /* Frameworks */ = {
			isa = PBXFrameworksBuildPhase;
			buildActionMask = 2147483647;
			files = (
				177CDB542A77FE6E0051727D /* ZIPFoundation in Frameworks */,
				17878C462A796278001624E0 /* Sparkle in Frameworks */,
			);
			runOnlyForDeploymentPostprocessing = 0;
		};
/* End PBXFrameworksBuildPhase section */

/* Begin PBXGroup section */
		177CDB372A7793920051727D = {
			isa = PBXGroup;
			children = (
				177CDB422A7793920051727D /* GDrive Unzipper */,
				177CDB412A7793920051727D /* Products */,
			);
			sourceTree = "<group>";
		};
		177CDB412A7793920051727D /* Products */ = {
			isa = PBXGroup;
			children = (
				177CDB402A7793920051727D /* GDrive Unzipper.app */,
			);
			name = Products;
			sourceTree = "<group>";
		};
		177CDB422A7793920051727D /* GDrive Unzipper */ = {
			isa = PBXGroup;
			children = (
				17878C492A7967A8001624E0 /* GDrive-Unzipper-Info.plist */,
				177CDB432A7793920051727D /* GDrive_UnzipperApp.swift */,
				177CDB452A7793920051727D /* ContentView.swift */,
				177CDB472A7793930051727D /* Assets.xcassets */,
				177CDB4C2A7793930051727D /* GDrive_Unzipper.entitlements */,
				177CDB492A7793930051727D /* Preview Content */,
				17878C472A7962D2001624E0 /* CheckForUpdates.swift */,
				170BEDC82A7A5ADB009EF168 /* AppDelegate.swift */,
				170BEDCA2A7A5B16009EF168 /* AboutView.swift */,
				170BEDCC2A7A8102009EF168 /* Credits.rtf */,
				170BEDCE2A7A82AD009EF168 /* FileUnzipper.swift */,
				170BEDD02A7A82DC009EF168 /* FilePicker.swift */,
				170BEDD22A7A8F80009EF168 /* Message.swift */,
			);
			path = "GDrive Unzipper";
			sourceTree = "<group>";
		};
		177CDB492A7793930051727D /* Preview Content */ = {
			isa = PBXGroup;
			children = (
				177CDB4A2A7793930051727D /* Preview Assets.xcassets */,
			);
			path = "Preview Content";
			sourceTree = "<group>";
		};
/* End PBXGroup section */

/* Begin PBXNativeTarget section */
		177CDB3F2A7793920051727D /* GDrive Unzipper */ = {
			isa = PBXNativeTarget;
			buildConfigurationList = 177CDB4F2A7793930051727D /* Build configuration list for PBXNativeTarget "GDrive Unzipper" */;
			buildPhases = (
				177CDB3C2A7793920051727D /* Sources */,
				177CDB3D2A7793920051727D /* Frameworks */,
				177CDB3E2A7793920051727D /* Resources */,
			);
			buildRules = (
			);
			dependencies = (
			);
			name = "GDrive Unzipper";
			packageProductDependencies = (
				177CDB532A77FE6E0051727D /* ZIPFoundation */,
				17878C452A796278001624E0 /* Sparkle */,
			);
			productName = "GDrive Unzip";
			productReference = 177CDB402A7793920051727D /* GDrive Unzipper.app */;
			productType = "com.apple.product-type.application";
		};
/* End PBXNativeTarget section */

/* Begin PBXProject section */
		177CDB382A7793920051727D /* Project object */ = {
			isa = PBXProject;
			attributes = {
				BuildIndependentTargetsInParallel = 1;
				LastSwiftUpdateCheck = 1430;
				LastUpgradeCheck = 1430;
				TargetAttributes = {
					177CDB3F2A7793920051727D = {
						CreatedOnToolsVersion = 14.3.1;
					};
				};
			};
			buildConfigurationList = 177CDB3B2A7793920051727D /* Build configuration list for PBXProject "GDrive Unzipper" */;
			compatibilityVersion = "Xcode 14.0";
			developmentRegion = en;
			hasScannedForEncodings = 0;
			knownRegions = (
				en,
				Base,
			);
			mainGroup = 177CDB372A7793920051727D;
			packageReferences = (
				177CDB522A77FE6E0051727D /* XCRemoteSwiftPackageReference "ZIPFoundation" */,
				17878C442A796278001624E0 /* XCRemoteSwiftPackageReference "Sparkle" */,
				17F15C1C2A7FDBEA0033E333 /* XCRemoteSwiftPackageReference "Zip" */,
			);
			productRefGroup = 177CDB412A7793920051727D /* Products */;
			projectDirPath = "";
			projectRoot = "";
			targets = (
				177CDB3F2A7793920051727D /* GDrive Unzipper */,
			);
		};
/* End PBXProject section */

/* Begin PBXResourcesBuildPhase section */
		177CDB3E2A7793920051727D /* Resources */ = {
			isa = PBXResourcesBuildPhase;
			buildActionMask = 2147483647;
			files = (
				177CDB4B2A7793930051727D /* Preview Assets.xcassets in Resources */,
				170BEDCD2A7A8102009EF168 /* Credits.rtf in Resources */,
				177CDB482A7793930051727D /* Assets.xcassets in Resources */,
			);
			runOnlyForDeploymentPostprocessing = 0;
		};
/* End PBXResourcesBuildPhase section */

/* Begin PBXSourcesBuildPhase section */
		177CDB3C2A7793920051727D /* Sources */ = {
			isa = PBXSourcesBuildPhase;
			buildActionMask = 2147483647;
			files = (
				170BEDC92A7A5ADB009EF168 /* AppDelegate.swift in Sources */,
				177CDB462A7793920051727D /* ContentView.swift in Sources */,
				170BEDCF2A7A82AD009EF168 /* FileUnzipper.swift in Sources */,
				17878C482A7962D2001624E0 /* CheckForUpdates.swift in Sources */,
				177CDB442A7793920051727D /* GDrive_UnzipperApp.swift in Sources */,
				170BEDD32A7A8F80009EF168 /* Message.swift in Sources */,
				170BEDCB2A7A5B16009EF168 /* AboutView.swift in Sources */,
				170BEDD12A7A82DC009EF168 /* FilePicker.swift in Sources */,
			);
			runOnlyForDeploymentPostprocessing = 0;
		};
/* End PBXSourcesBuildPhase section */

/* Begin XCBuildConfiguration section */
		177CDB4D2A7793930051727D /* Debug */ = {
			isa = XCBuildConfiguration;
			buildSettings = {
				ALWAYS_SEARCH_USER_PATHS = NO;
				CLANG_ANALYZER_NONNULL = YES;
				CLANG_ANALYZER_NUMBER_OBJECT_CONVERSION = YES_AGGRESSIVE;
				CLANG_CXX_LANGUAGE_STANDARD = "gnu++20";
				CLANG_ENABLE_MODULES = YES;
				CLANG_ENABLE_OBJC_ARC = YES;
				CLANG_ENABLE_OBJC_WEAK = YES;
				CLANG_WARN_BLOCK_CAPTURE_AUTORELEASING = YES;
				CLANG_WARN_BOOL_CONVERSION = YES;
				CLANG_WARN_COMMA = YES;
				CLANG_WARN_CONSTANT_CONVERSION = YES;
				CLANG_WARN_DEPRECATED_OBJC_IMPLEMENTATIONS = YES;
				CLANG_WARN_DIRECT_OBJC_ISA_USAGE = YES_ERROR;
				CLANG_WARN_DOCUMENTATION_COMMENTS = YES;
				CLANG_WARN_EMPTY_BODY = YES;
				CLANG_WARN_ENUM_CONVERSION = YES;
				CLANG_WARN_INFINITE_RECURSION = YES;
				CLANG_WARN_INT_CONVERSION = YES;
				CLANG_WARN_NON_LITERAL_NULL_CONVERSION = YES;
				CLANG_WARN_OBJC_IMPLICIT_RETAIN_SELF = YES;
				CLANG_WARN_OBJC_LITERAL_CONVERSION = YES;
				CLANG_WARN_OBJC_ROOT_CLASS = YES_ERROR;
				CLANG_WARN_QUOTED_INCLUDE_IN_FRAMEWORK_HEADER = YES;
				CLANG_WARN_RANGE_LOOP_ANALYSIS = YES;
				CLANG_WARN_STRICT_PROTOTYPES = YES;
				CLANG_WARN_SUSPICIOUS_MOVE = YES;
				CLANG_WARN_UNGUARDED_AVAILABILITY = YES_AGGRESSIVE;
				CLANG_WARN_UNREACHABLE_CODE = YES;
				CLANG_WARN__DUPLICATE_METHOD_MATCH = YES;
				COPY_PHASE_STRIP = NO;
				DEBUG_INFORMATION_FORMAT = dwarf;
				ENABLE_STRICT_OBJC_MSGSEND = YES;
				ENABLE_TESTABILITY = YES;
				GCC_C_LANGUAGE_STANDARD = gnu11;
				GCC_DYNAMIC_NO_PIC = NO;
				GCC_NO_COMMON_BLOCKS = YES;
				GCC_OPTIMIZATION_LEVEL = 0;
				GCC_PREPROCESSOR_DEFINITIONS = (
					"DEBUG=1",
					"$(inherited)",
				);
				GCC_WARN_64_TO_32_BIT_CONVERSION = YES;
				GCC_WARN_ABOUT_RETURN_TYPE = YES_ERROR;
				GCC_WARN_UNDECLARED_SELECTOR = YES;
				GCC_WARN_UNINITIALIZED_AUTOS = YES_AGGRESSIVE;
				GCC_WARN_UNUSED_FUNCTION = YES;
				GCC_WARN_UNUSED_VARIABLE = YES;
				MACOSX_DEPLOYMENT_TARGET = 13.3;
				MTL_ENABLE_DEBUG_INFO = INCLUDE_SOURCE;
				MTL_FAST_MATH = YES;
				ONLY_ACTIVE_ARCH = YES;
				SDKROOT = macosx;
				SWIFT_ACTIVE_COMPILATION_CONDITIONS = DEBUG;
				SWIFT_OPTIMIZATION_LEVEL = "-Onone";
			};
			name = Debug;
		};
		177CDB4E2A7793930051727D /* Release */ = {
			isa = XCBuildConfiguration;
			buildSettings = {
				ALWAYS_SEARCH_USER_PATHS = NO;
				CLANG_ANALYZER_NONNULL = YES;
				CLANG_ANALYZER_NUMBER_OBJECT_CONVERSION = YES_AGGRESSIVE;
				CLANG_CXX_LANGUAGE_STANDARD = "gnu++20";
				CLANG_ENABLE_MODULES = YES;
				CLANG_ENABLE_OBJC_ARC = YES;
				CLANG_ENABLE_OBJC_WEAK = YES;
				CLANG_WARN_BLOCK_CAPTURE_AUTORELEASING = YES;
				CLANG_WARN_BOOL_CONVERSION = YES;
				CLANG_WARN_COMMA = YES;
				CLANG_WARN_CONSTANT_CONVERSION = YES;
				CLANG_WARN_DEPRECATED_OBJC_IMPLEMENTATIONS = YES;
				CLANG_WARN_DIRECT_OBJC_ISA_USAGE = YES_ERROR;
				CLANG_WARN_DOCUMENTATION_COMMENTS = YES;
				CLANG_WARN_EMPTY_BODY = YES;
				CLANG_WARN_ENUM_CONVERSION = YES;
				CLANG_WARN_INFINITE_RECURSION = YES;
				CLANG_WARN_INT_CONVERSION = YES;
				CLANG_WARN_NON_LITERAL_NULL_CONVERSION = YES;
				CLANG_WARN_OBJC_IMPLICIT_RETAIN_SELF = YES;
				CLANG_WARN_OBJC_LITERAL_CONVERSION = YES;
				CLANG_WARN_OBJC_ROOT_CLASS = YES_ERROR;
				CLANG_WARN_QUOTED_INCLUDE_IN_FRAMEWORK_HEADER = YES;
				CLANG_WARN_RANGE_LOOP_ANALYSIS = YES;
				CLANG_WARN_STRICT_PROTOTYPES = YES;
				CLANG_WARN_SUSPICIOUS_MOVE = YES;
				CLANG_WARN_UNGUARDED_AVAILABILITY = YES_AGGRESSIVE;
				CLANG_WARN_UNREACHABLE_CODE = YES;
				CLANG_WARN__DUPLICATE_METHOD_MATCH = YES;
				COPY_PHASE_STRIP = NO;
				DEBUG_INFORMATION_FORMAT = "dwarf-with-dsym";
				ENABLE_NS_ASSERTIONS = NO;
				ENABLE_STRICT_OBJC_MSGSEND = YES;
				GCC_C_LANGUAGE_STANDARD = gnu11;
				GCC_NO_COMMON_BLOCKS = YES;
				GCC_WARN_64_TO_32_BIT_CONVERSION = YES;
				GCC_WARN_ABOUT_RETURN_TYPE = YES_ERROR;
				GCC_WARN_UNDECLARED_SELECTOR = YES;
				GCC_WARN_UNINITIALIZED_AUTOS = YES_AGGRESSIVE;
				GCC_WARN_UNUSED_FUNCTION = YES;
				GCC_WARN_UNUSED_VARIABLE = YES;
				MACOSX_DEPLOYMENT_TARGET = 13.3;
				MTL_ENABLE_DEBUG_INFO = NO;
				MTL_FAST_MATH = YES;
				SDKROOT = macosx;
				SWIFT_COMPILATION_MODE = wholemodule;
				SWIFT_OPTIMIZATION_LEVEL = "-O";
			};
			name = Release;
		};
		177CDB502A7793930051727D /* Debug */ = {
			isa = XCBuildConfiguration;
			buildSettings = {
				ASSETCATALOG_COMPILER_APPICON_NAME = AppIcon;
				ASSETCATALOG_COMPILER_GLOBAL_ACCENT_COLOR_NAME = AccentColor;
				CODE_SIGN_ENTITLEMENTS = "GDrive Unzipper/GDrive_Unzipper.entitlements";
				CODE_SIGN_STYLE = Automatic;
				COMBINE_HIDPI_IMAGES = YES;
				CURRENT_PROJECT_VERSION = 3;
				DEVELOPMENT_ASSET_PATHS = "\"GDrive Unzipper/Preview Content\"";
				DEVELOPMENT_TEAM = X37SWP7FPL;
				ENABLE_HARDENED_RUNTIME = YES;
				ENABLE_PREVIEWS = YES;
				GENERATE_INFOPLIST_FILE = YES;
				INFOPLIST_FILE = "GDrive-Unzipper-Info.plist";
				INFOPLIST_KEY_LSApplicationCategoryType = "public.app-category.utilities";
				INFOPLIST_KEY_NSHumanReadableCopyright = "";
				LD_RUNPATH_SEARCH_PATHS = (
					"$(inherited)",
					"@executable_path/../Frameworks",
				);
				MACOSX_DEPLOYMENT_TARGET = 11.0;
				MARKETING_VERSION = 1.0;
				PRODUCT_BUNDLE_IDENTIFIER = "auduongtuan.GDrive-Unzipper";
				PRODUCT_NAME = "$(TARGET_NAME)";
				SWIFT_EMIT_LOC_STRINGS = YES;
				SWIFT_VERSION = 5.0;
			};
			name = Debug;
		};
		177CDB512A7793930051727D /* Release */ = {
			isa = XCBuildConfiguration;
			buildSettings = {
				ASSETCATALOG_COMPILER_APPICON_NAME = AppIcon;
				ASSETCATALOG_COMPILER_GLOBAL_ACCENT_COLOR_NAME = AccentColor;
				CODE_SIGN_ENTITLEMENTS = "GDrive Unzipper/GDrive_Unzipper.entitlements";
				CODE_SIGN_STYLE = Automatic;
				COMBINE_HIDPI_IMAGES = YES;
				CURRENT_PROJECT_VERSION = 3;
				DEVELOPMENT_ASSET_PATHS = "\"GDrive Unzipper/Preview Content\"";
				DEVELOPMENT_TEAM = X37SWP7FPL;
				ENABLE_HARDENED_RUNTIME = YES;
				ENABLE_PREVIEWS = YES;
				GENERATE_INFOPLIST_FILE = YES;
				INFOPLIST_FILE = "GDrive-Unzipper-Info.plist";
				INFOPLIST_KEY_LSApplicationCategoryType = "public.app-category.utilities";
				INFOPLIST_KEY_NSHumanReadableCopyright = "";
				LD_RUNPATH_SEARCH_PATHS = (
					"$(inherited)",
					"@executable_path/../Frameworks",
				);
				MACOSX_DEPLOYMENT_TARGET = 11.0;
				MARKETING_VERSION = 1.0;
				PRODUCT_BUNDLE_IDENTIFIER = "auduongtuan.GDrive-Unzipper";
				PRODUCT_NAME = "$(TARGET_NAME)";
				SWIFT_EMIT_LOC_STRINGS = YES;
				SWIFT_VERSION = 5.0;
			};
			name = Release;
		};
/* End XCBuildConfiguration section */

/* Begin XCConfigurationList section */
		177CDB3B2A7793920051727D /* Build configuration list for PBXProject "GDrive Unzipper" */ = {
			isa = XCConfigurationList;
			buildConfigurations = (
				177CDB4D2A7793930051727D /* Debug */,
				177CDB4E2A7793930051727D /* Release */,
			);
			defaultConfigurationIsVisible = 0;
			defaultConfigurationName = Release;
		};
		177CDB4F2A7793930051727D /* Build configuration list for PBXNativeTarget "GDrive Unzipper" */ = {
			isa = XCConfigurationList;
			buildConfigurations = (
				177CDB502A7793930051727D /* Debug */,
				177CDB512A7793930051727D /* Release */,
			);
			defaultConfigurationIsVisible = 0;
			defaultConfigurationName = Release;
		};
/* End XCConfigurationList section */

/* Begin XCRemoteSwiftPackageReference section */
		177CDB522A77FE6E0051727D /* XCRemoteSwiftPackageReference "ZIPFoundation" */ = {
			isa = XCRemoteSwiftPackageReference;
			repositoryURL = "https://github.com/weichsel/ZIPFoundation";
			requirement = {
				kind = upToNextMajorVersion;
				minimumVersion = 0.9.16;
			};
		};
		17878C442A796278001624E0 /* XCRemoteSwiftPackageReference "Sparkle" */ = {
			isa = XCRemoteSwiftPackageReference;
			repositoryURL = "https://github.com/sparkle-project/Sparkle";
			requirement = {
				kind = upToNextMajorVersion;
				minimumVersion = 2.0.0;
			};
		};
		17F15C1C2A7FDBEA0033E333 /* XCRemoteSwiftPackageReference "Zip" */ = {
			isa = XCRemoteSwiftPackageReference;
			repositoryURL = "https://github.com/marmelroy/Zip.git";
			requirement = {
				kind = upToNextMajorVersion;
				minimumVersion = 2.0.0;
			};
		};
/* End XCRemoteSwiftPackageReference section */

/* Begin XCSwiftPackageProductDependency section */
		177CDB532A77FE6E0051727D /* ZIPFoundation */ = {
			isa = XCSwiftPackageProductDependency;
			package = 177CDB522A77FE6E0051727D /* XCRemoteSwiftPackageReference "ZIPFoundation" */;
			productName = ZIPFoundation;
		};
		17878C452A796278001624E0 /* Sparkle */ = {
			isa = XCSwiftPackageProductDependency;
			package = 17878C442A796278001624E0 /* XCRemoteSwiftPackageReference "Sparkle" */;
			productName = Sparkle;
		};
/* End XCSwiftPackageProductDependency section */
	};
	rootObject = 177CDB382A7793920051727D /* Project object */;
}
